
Microsoft Visual Studio Solution File, Format Version 12.00
# Visual Studio 2013
VisualStudioVersion = 12.0.31101.0
MinimumVisualStudioVersion = 10.0.40219.1
Project("{FAE04EC0-301F-11D3-BF4B-00C04F79EFBC}") = "Mentoring.WEBApi", "Mentoring.WEBApi\Mentoring.WEBApi.csproj", "{7E929B5C-6EBF-4BBD-BEFF-EE4E8E33CA0D}"
	ProjectSection(ProjectDependencies) = postProject
		{D8F00C04-9159-41F0-A24F-3839DE565970} = {D8F00C04-9159-41F0-A24F-3839DE565970}
		{5DE9DFC2-5845-49B9-8308-96C07EACAE92} = {5DE9DFC2-5845-49B9-8308-96C07EACAE92}
	EndProjectSection
EndProject
Project("{FAE04EC0-301F-11D3-BF4B-00C04F79EFBC}") = "Mentoring.WEBApi.Models", "Mentoring.WEBApi.Models\Mentoring.WEBApi.Models.csproj", "{D8F00C04-9159-41F0-A24F-3839DE565970}"
EndProject
Project("{FAE04EC0-301F-11D3-BF4B-00C04F79EFBC}") = "Mentoring.WEBApi.Controllers", "Mentoring.WEBApi.Controllers\Mentoring.WEBApi.Controllers.csproj", "{5DE9DFC2-5845-49B9-8308-96C07EACAE92}"
	ProjectSection(ProjectDependencies) = postProject
		{D8F00C04-9159-41F0-A24F-3839DE565970} = {D8F00C04-9159-41F0-A24F-3839DE565970}
	EndProjectSection
EndProject
Project("{FAE04EC0-301F-11D3-BF4B-00C04F79EFBC}") = "Mentoring.WEBApi.SelfHost", "Mentoring.WEBApi.SelfHost\Mentoring.WEBApi.SelfHost.csproj", "{E5211060-0EE0-4C5C-801E-A7A88C03FDCD}"
	ProjectSection(ProjectDependencies) = postProject
		{D8F00C04-9159-41F0-A24F-3839DE565970} = {D8F00C04-9159-41F0-A24F-3839DE565970}
		{5DE9DFC2-5845-49B9-8308-96C07EACAE92} = {5DE9DFC2-5845-49B9-8308-96C07EACAE92}
	EndProjectSection
EndProject
Global
	GlobalSection(SolutionConfigurationPlatforms) = preSolution
		Debug|Any CPU = Debug|Any CPU
		Release|Any CPU = Release|Any CPU
	EndGlobalSection
	GlobalSection(ProjectConfigurationPlatforms) = postSolution
		{7E929B5C-6EBF-4BBD-BEFF-EE4E8E33CA0D}.Debug|Any CPU.ActiveCfg = Debug|Any CPU
		{7E929B5C-6EBF-4BBD-BEFF-EE4E8E33CA0D}.Debug|Any CPU.Build.0 = Debug|Any CPU
		{7E929B5C-6EBF-4BBD-BEFF-EE4E8E33CA0D}.Release|Any CPU.ActiveCfg = Release|Any CPU
		{7E929B5C-6EBF-4BBD-BEFF-EE4E8E33CA0D}.Release|Any CPU.Build.0 = Release|Any CPU
		{D8F00C04-9159-41F0-A24F-3839DE565970}.Debug|Any CPU.ActiveCfg = Debug|Any CPU
		{D8F00C04-9159-41F0-A24F-3839DE565970}.Debug|Any CPU.Build.0 = Debug|Any CPU
		{D8F00C04-9159-41F0-A24F-3839DE565970}.Release|Any CPU.ActiveCfg = Release|Any CPU
		{D8F00C04-9159-41F0-A24F-3839DE565970}.Release|Any CPU.Build.0 = Release|Any CPU
		{5DE9DFC2-5845-49B9-8308-96C07EACAE92}.Debug|Any CPU.ActiveCfg = Debug|Any CPU
		{5DE9DFC2-5845-49B9-8308-96C07EACAE92}.Debug|Any CPU.Build.0 = Debug|Any CPU
		{5DE9DFC2-5845-49B9-8308-96C07EACAE92}.Release|Any CPU.ActiveCfg = Release|Any CPU
		{5DE9DFC2-5845-49B9-8308-96C07EACAE92}.Release|Any CPU.Build.0 = Release|Any CPU
		{E5211060-0EE0-4C5C-801E-A7A88C03FDCD}.Debug|Any CPU.ActiveCfg = Debug|Any CPU
		{E5211060-0EE0-4C5C-801E-A7A88C03FDCD}.Debug|Any CPU.Build.0 = Debug|Any CPU
		{E5211060-0EE0-4C5C-801E-A7A88C03FDCD}.Release|Any CPU.ActiveCfg = Release|Any CPU
		{E5211060-0EE0-4C5C-801E-A7A88C03FDCD}.Release|Any CPU.Build.0 = Release|Any CPU
	EndGlobalSection
	GlobalSection(SolutionProperties) = preSolution
		HideSolutionNode = FALSE
	EndGlobalSection
EndGlobal
